
Microsoft Visual Studio Solution File, Format Version 12.00
# Visual Studio Version 17
VisualStudioVersion = 17.12.35521.163 d17.12
MinimumVisualStudioVersion = 10.0.40219.1
Project("{2150E333-8FDC-42A3-9474-1A3956D46DE8}") = "Services", "Services", "{B21E0AD5-2A57-463A-B6AB-C055C34DD9A9}"
EndProject
Project("{FAE04EC0-301F-11D3-BF4B-00C04F79EFBC}") = "Course.API", "Course.API\Course.API.csproj", "{DCE9DA0E-4F79-4080-BC76-3DA3F2FA6DAB}"
EndProject
Project("{FAE04EC0-301F-11D3-BF4B-00C04F79EFBC}") = "Student.API", "Student.API\Student.API.csproj", "{AEE3867C-1E61-4A5D-BF9F-7A70D5F5D874}"
EndProject
Project("{FAE04EC0-301F-11D3-BF4B-00C04F79EFBC}") = "Enrollment.API", "Enrollment.API\Enrollment.API.csproj", "{C9065CAB-2EFC-493F-A808-9A650778C248}"
EndProject
Project("{FAE04EC0-301F-11D3-BF4B-00C04F79EFBC}") = "Gateway.API", "Gateway.API\Gateway.API.csproj", "{C1F20A7C-5868-48C4-9206-C91A8CD3C5DA}"
EndProject
Project("{2150E333-8FDC-42A3-9474-1A3956D46DE8}") = "Shared", "Shared", "{2EEDB3FE-DC01-44EF-BCDF-EF6A999A8380}"
EndProject
Project("{FAE04EC0-301F-11D3-BF4B-00C04F79EFBC}") = "EventBus.Messages", "EventBus.Messages\EventBus.Messages.csproj", "{1D892965-56E3-4EB2-B158-1D10696E10C0}"
EndProject
Project("{FAE04EC0-301F-11D3-BF4B-00C04F79EFBC}") = "Exceptions", "Exceptions\Exceptions.csproj", "{9B500F67-6BB5-470E-B522-FBC1EE0C2793}"
EndProject
Global
	GlobalSection(SolutionConfigurationPlatforms) = preSolution
		Debug|Any CPU = Debug|Any CPU
		Release|Any CPU = Release|Any CPU
	EndGlobalSection
	GlobalSection(ProjectConfigurationPlatforms) = postSolution
		{DCE9DA0E-4F79-4080-BC76-3DA3F2FA6DAB}.Debug|Any CPU.ActiveCfg = Debug|Any CPU
		{DCE9DA0E-4F79-4080-BC76-3DA3F2FA6DAB}.Debug|Any CPU.Build.0 = Debug|Any CPU
		{DCE9DA0E-4F79-4080-BC76-3DA3F2FA6DAB}.Release|Any CPU.ActiveCfg = Release|Any CPU
		{DCE9DA0E-4F79-4080-BC76-3DA3F2FA6DAB}.Release|Any CPU.Build.0 = Release|Any CPU
		{AEE3867C-1E61-4A5D-BF9F-7A70D5F5D874}.Debug|Any CPU.ActiveCfg = Debug|Any CPU
		{AEE3867C-1E61-4A5D-BF9F-7A70D5F5D874}.Debug|Any CPU.Build.0 = Debug|Any CPU
		{AEE3867C-1E61-4A5D-BF9F-7A70D5F5D874}.Release|Any CPU.ActiveCfg = Release|Any CPU
		{AEE3867C-1E61-4A5D-BF9F-7A70D5F5D874}.Release|Any CPU.Build.0 = Release|Any CPU
		{C9065CAB-2EFC-493F-A808-9A650778C248}.Debug|Any CPU.ActiveCfg = Debug|Any CPU
		{C9065CAB-2EFC-493F-A808-9A650778C248}.Debug|Any CPU.Build.0 = Debug|Any CPU
		{C9065CAB-2EFC-493F-A808-9A650778C248}.Release|Any CPU.ActiveCfg = Release|Any CPU
		{C9065CAB-2EFC-493F-A808-9A650778C248}.Release|Any CPU.Build.0 = Release|Any CPU
		{C1F20A7C-5868-48C4-9206-C91A8CD3C5DA}.Debug|Any CPU.ActiveCfg = Debug|Any CPU
		{C1F20A7C-5868-48C4-9206-C91A8CD3C5DA}.Debug|Any CPU.Build.0 = Debug|Any CPU
		{C1F20A7C-5868-48C4-9206-C91A8CD3C5DA}.Release|Any CPU.ActiveCfg = Release|Any CPU
		{C1F20A7C-5868-48C4-9206-C91A8CD3C5DA}.Release|Any CPU.Build.0 = Release|Any CPU
		{1D892965-56E3-4EB2-B158-1D10696E10C0}.Debug|Any CPU.ActiveCfg = Debug|Any CPU
		{1D892965-56E3-4EB2-B158-1D10696E10C0}.Debug|Any CPU.Build.0 = Debug|Any CPU
		{1D892965-56E3-4EB2-B158-1D10696E10C0}.Release|Any CPU.ActiveCfg = Release|Any CPU
		{1D892965-56E3-4EB2-B158-1D10696E10C0}.Release|Any CPU.Build.0 = Release|Any CPU
		{9B500F67-6BB5-470E-B522-FBC1EE0C2793}.Debug|Any CPU.ActiveCfg = Debug|Any CPU
		{9B500F67-6BB5-470E-B522-FBC1EE0C2793}.Debug|Any CPU.Build.0 = Debug|Any CPU
		{9B500F67-6BB5-470E-B522-FBC1EE0C2793}.Release|Any CPU.ActiveCfg = Release|Any CPU
		{9B500F67-6BB5-470E-B522-FBC1EE0C2793}.Release|Any CPU.Build.0 = Release|Any CPU
	EndGlobalSection
	GlobalSection(SolutionProperties) = preSolution
		HideSolutionNode = FALSE
	EndGlobalSection
	GlobalSection(NestedProjects) = preSolution
		{DCE9DA0E-4F79-4080-BC76-3DA3F2FA6DAB} = {B21E0AD5-2A57-463A-B6AB-C055C34DD9A9}
		{AEE3867C-1E61-4A5D-BF9F-7A70D5F5D874} = {B21E0AD5-2A57-463A-B6AB-C055C34DD9A9}
		{C9065CAB-2EFC-493F-A808-9A650778C248} = {B21E0AD5-2A57-463A-B6AB-C055C34DD9A9}
		{C1F20A7C-5868-48C4-9206-C91A8CD3C5DA} = {B21E0AD5-2A57-463A-B6AB-C055C34DD9A9}
		{1D892965-56E3-4EB2-B158-1D10696E10C0} = {2EEDB3FE-DC01-44EF-BCDF-EF6A999A8380}
		{9B500F67-6BB5-470E-B522-FBC1EE0C2793} = {2EEDB3FE-DC01-44EF-BCDF-EF6A999A8380}
	EndGlobalSection
EndGlobal
